// !$*UTF8*$!
{
	archiveVersion = 1;
	classes = {
	};
	objectVersion = 77;
	objects = {

/* Begin PBXBuildFile section */
		8545B0242FDAA100009C7694 /* InputoCore in Frameworks */ = {isa = PBXBuildFile; productRef = 8545B0212FDAA100009C7694 /* InputoCore */; };
		8545B0252FDAA100009C7694 /* InputoMacPlatform in Frameworks */ = {isa = PBXBuildFile; productRef = 8545B0222FDAA100009C7694 /* InputoMacPlatform */; };
		8545B0262FDAA100009C7694 /* InputoComposerFeature in Frameworks */ = {isa = PBXBuildFile; productRef = 8545B0232FDAA100009C7694 /* InputoComposerFeature */; };
/* End PBXBuildFile section */

/* Begin PBXContainerItemProxy section */
		8545AEF12FDA9A5C009C7694 /* PBXContainerItemProxy */ = {
			isa = PBXContainerItemProxy;
			containerPortal = 8545AED92FDA9A5A009C7694 /* Project object */;
			proxyType = 1;
			remoteGlobalIDString = 8545AEE02FDA9A5A009C7694;
			remoteInfo = Inputo;
		};
		8545AEFB2FDA9A5C009C7694 /* PBXContainerItemProxy */ = {
			isa = PBXContainerItemProxy;
			containerPortal = 8545AED92FDA9A5A009C7694 /* Project object */;
			proxyType = 1;
			remoteGlobalIDString = 8545AEE02FDA9A5A009C7694;
			remoteInfo = Inputo;
		};
/* End PBXContainerItemProxy section */

/* Begin PBXFileReference section */
		8545AEE12FDA9A5A009C7694 /* Inputo.app */ = {isa = PBXFileReference; explicitFileType = wrapper.application; includeInIndex = 0; path = Inputo.app; sourceTree = BUILT_PRODUCTS_DIR; };
		8545AEF02FDA9A5C009C7694 /* InputoTests.xctest */ = {isa = PBXFileReference; explicitFileType = wrapper.cfbundle; includeInIndex = 0; path = InputoTests.xctest; sourceTree = BUILT_PRODUCTS_DIR; };
		8545AEFA2FDA9A5C009C7694 /* InputoUITests.xctest */ = {isa = PBXFileReference; explicitFileType = wrapper.cfbundle; includeInIndex = 0; path = InputoUITests.xctest; sourceTree = BUILT_PRODUCTS_DIR; };
		8545B0092FDA9DE6009C7694 /* InputoModules */ = {isa = PBXFileReference; lastKnownFileType = wrapper; path = InputoModules; sourceTree = "<group>"; };
/* End PBXFileReference section */

/* Begin PBXFileSystemSynchronizedRootGroup section */
		8545AEE32FDA9A5A009C7694 /* Inputo */ = {
			isa = PBXFileSystemSynchronizedRootGroup;
			path = Inputo;
			sourceTree = "<group>";
		};
		8545AEF32FDA9A5C009C7694 /* InputoTests */ = {
			isa = PBXFileSystemSynchronizedRootGroup;
			path = InputoTests;
			sourceTree = "<group>";
		};
		8545AEFD2FDA9A5C009C7694 /* InputoUITests */ = {
			isa = PBXFileSystemSynchronizedRootGroup;
			path = InputoUITests;
			sourceTree = "<group>";
		};
/* End PBXFileSystemSynchronizedRootGroup section */

/* Begin PBXFrameworksBuildPhase section */
		8545AEDE2FDA9A5A009C7694 /* Frameworks */ = {
			isa = PBXFrameworksBuildPhase;
			buildActionMask = 2147483647;
			files = (
				8545B0262FDAA100009C7694 /* InputoComposerFeature in Frameworks */,
				8545B0242FDAA100009C7694 /* InputoCore in Frameworks */,
				8545B0252FDAA100009C7694 /* InputoMacPlatform in Frameworks */,
			);
			runOnlyForDeploymentPostprocessing = 0;
		};
		8545AEED2FDA9A5C009C7694 /* Frameworks */ = {
			isa = PBXFrameworksBuildPhase;
			buildActionMask = 2147483647;
			files = (
			);
			runOnlyForDeploymentPostprocessing = 0;
		};
		8545AEF72FDA9A5C009C7694 /* Frameworks */ = {
			isa = PBXFrameworksBuildPhase;
			buildActionMask = 2147483647;
			files = (
			);
			runOnlyForDeploymentPostprocessing = 0;
		};
/* End PBXFrameworksBuildPhase section */

/* Begin PBXGroup section */
		8545AED82FDA9A5A009C7694 = {
			isa = PBXGroup;
			children = (
				8545B0092FDA9DE6009C7694 /* InputoModules */,
				8545AEE32FDA9A5A009C7694 /* Inputo */,
				8545AEF32FDA9A5C009C7694 /* InputoTests */,
				8545AEFD2FDA9A5C009C7694 /* InputoUITests */,
				8545AEE22FDA9A5A009C7694 /* Products */,
			);
			sourceTree = "<group>";
		};
		8545AEE22FDA9A5A009C7694 /* Products */ = {
			isa = PBXGroup;
			children = (
				8545AEE12FDA9A5A009C7694 /* Inputo.app */,
				8545AEF02FDA9A5C009C7694 /* InputoTests.xctest */,
				8545AEFA2FDA9A5C009C7694 /* InputoUITests.xctest */,
			);
			name = Products;
			sourceTree = "<group>";
		};
/* End PBXGroup section */

/* Begin PBXNativeTarget section */
		8545AEE02FDA9A5A009C7694 /* Inputo */ = {
			isa = PBXNativeTarget;
			buildConfigurationList = 8545AF042FDA9A5C009C7694 /* Build configuration list for PBXNativeTarget "Inputo" */;
			buildPhases = (
				8545AEDD2FDA9A5A009C7694 /* Sources */,
				8545AEDE2FDA9A5A009C7694 /* Frameworks */,
				8545AEDF2FDA9A5A009C7694 /* Resources */,
			);
			buildRules = (
			);
			dependencies = (
			);
			fileSystemSynchronizedGroups = (
				8545AEE32FDA9A5A009C7694 /* Inputo */,
			);
			name = Inputo;
			packageProductDependencies = (
				8545B0212FDAA100009C7694 /* InputoCore */,
				8545B0222FDAA100009C7694 /* InputoMacPlatform */,
				8545B0232FDAA100009C7694 /* InputoComposerFeature */,
			);
			productName = Inputo;
			productReference = 8545AEE12FDA9A5A009C7694 /* Inputo.app */;
			productType = "com.apple.product-type.application";
		};
		8545AEEF2FDA9A5C009C7694 /* InputoTests */ = {
			isa = PBXNativeTarget;
			buildConfigurationList = 8545AF072FDA9A5C009C7694 /* Build configuration list for PBXNativeTarget "InputoTests" */;
			buildPhases = (
				8545AEEC2FDA9A5C009C7694 /* Sources */,
				8545AEED2FDA9A5C009C7694 /* Frameworks */,
				8545AEEE2FDA9A5C009C7694 /* Resources */,
			);
			buildRules = (
			);
			dependencies = (
				8545AEF22FDA9A5C009C7694 /* PBXTargetDependency */,
			);
			fileSystemSynchronizedGroups = (
				8545AEF32FDA9A5C009C7694 /* InputoTests */,
			);
			name = InputoTests;
			packageProductDependencies = (
			);
			productName = InputoTests;
			productReference = 8545AEF02FDA9A5C009C7694 /* InputoTests.xctest */;
			productType = "com.apple.product-type.bundle.unit-test";
		};
		8545AEF92FDA9A5C009C7694 /* InputoUITests */ = {
			isa = PBXNativeTarget;
			buildConfigurationList = 8545AF0A2FDA9A5C009C7694 /* Build configuration list for PBXNativeTarget "InputoUITests" */;
			buildPhases = (
				8545AEF62FDA9A5C009C7694 /* Sources */,
				8545AEF72FDA9A5C009C7694 /* Frameworks */,
				8545AEF82FDA9A5C009C7694 /* Resources */,
			);
			buildRules = (
			);
			dependencies = (
				8545AEFC2FDA9A5C009C7694 /* PBXTargetDependency */,
			);
			fileSystemSynchronizedGroups = (
				8545AEFD2FDA9A5C009C7694 /* InputoUITests */,
			);
			name = InputoUITests;
			packageProductDependencies = (
			);
			productName = InputoUITests;
			productReference = 8545AEFA2FDA9A5C009C7694 /* InputoUITests.xctest */;
			productType = "com.apple.product-type.bundle.ui-testing";
		};
/* End PBXNativeTarget section */

/* Begin PBXProject section */
		8545AED92FDA9A5A009C7694 /* Project object */ = {
			isa = PBXProject;
			attributes = {
				BuildIndependentTargetsInParallel = 1;
				LastSwiftUpdateCheck = 2650;
				LastUpgradeCheck = 2650;
				TargetAttributes = {
					8545AEE02FDA9A5A009C7694 = {
						CreatedOnToolsVersion = 26.5;
					};
					8545AEEF2FDA9A5C009C7694 = {
						CreatedOnToolsVersion = 26.5;
						TestTargetID = 8545AEE02FDA9A5A009C7694;
					};
					8545AEF92FDA9A5C009C7694 = {
						CreatedOnToolsVersion = 26.5;
						TestTargetID = 8545AEE02FDA9A5A009C7694;
					};
				};
			};
			buildConfigurationList = 8545AEDC2FDA9A5A009C7694 /* Build configuration list for PBXProject "Inputo" */;
			developmentRegion = en;
			hasScannedForEncodings = 0;
			knownRegions = (
				en,
				Base,
			);
			mainGroup = 8545AED82FDA9A5A009C7694;
			minimizedProjectReferenceProxies = 1;
			packageReferences = (
				8545B0202FDAA100009C7694 /* XCLocalSwiftPackageReference "InputoModules" */,
			);
			preferredProjectObjectVersion = 77;
			productRefGroup = 8545AEE22FDA9A5A009C7694 /* Products */;
			projectDirPath = "";
			projectRoot = "";
			targets = (
				8545AEE02FDA9A5A009C7694 /* Inputo */,
				8545AEEF2FDA9A5C009C7694 /* InputoTests */,
				8545AEF92FDA9A5C009C7694 /* InputoUITests */,
			);
		};
/* End PBXProject section */

/* Begin PBXResourcesBuildPhase section */
		8545AEDF2FDA9A5A009C7694 /* Resources */ = {
			isa = PBXResourcesBuildPhase;
			buildActionMask = 2147483647;
			files = (
			);
			runOnlyForDeploymentPostprocessing = 0;
		};
		8545AEEE2FDA9A5C009C7694 /* Resources */ = {
			isa = PBXResourcesBuildPhase;
			buildActionMask = 2147483647;
			files = (
			);
			runOnlyForDeploymentPostprocessing = 0;
		};
		8545AEF82FDA9A5C009C7694 /* Resources */ = {
			isa = PBXResourcesBuildPhase;
			buildActionMask = 2147483647;
			files = (
			);
			runOnlyForDeploymentPostprocessing = 0;
		};
/* End PBXResourcesBuildPhase section */

/* Begin PBXSourcesBuildPhase section */
		8545AEDD2FDA9A5A009C7694 /* Sources */ = {
			isa = PBXSourcesBuildPhase;
			buildActionMask = 2147483647;
			files = (
			);
			runOnlyForDeploymentPostprocessing = 0;
		};
		8545AEEC2FDA9A5C009C7694 /* Sources */ = {
			isa = PBXSourcesBuildPhase;
			buildActionMask = 2147483647;
			files = (
			);
			runOnlyForDeploymentPostprocessing = 0;
		};
		8545AEF62FDA9A5C009C7694 /* Sources */ = {
			isa = PBXSourcesBuildPhase;
			buildActionMask = 2147483647;
			files = (
			);
			runOnlyForDeploymentPostprocessing = 0;
		};
/* End PBXSourcesBuildPhase section */

/* Begin PBXTargetDependency section */
		8545AEF22FDA9A5C009C7694 /* PBXTargetDependency */ = {
			isa = PBXTargetDependency;
			target = 8545AEE02FDA9A5A009C7694 /* Inputo */;
			targetProxy = 8545AEF12FDA9A5C009C7694 /* PBXContainerItemProxy */;
		};
		8545AEFC2FDA9A5C009C7694 /* PBXTargetDependency */ = {
			isa = PBXTargetDependency;
			target = 8545AEE02FDA9A5A009C7694 /* Inputo */;
			targetProxy = 8545AEFB2FDA9A5C009C7694 /* PBXContainerItemProxy */;
		};
/* End PBXTargetDependency section */

/* Begin XCBuildConfiguration section */
		8545AF022FDA9A5C009C7694 /* Debug */ = {
			isa = XCBuildConfiguration;
			buildSettings = {
				ALWAYS_SEARCH_USER_PATHS = NO;
				ASSETCATALOG_COMPILER_GENERATE_SWIFT_ASSET_SYMBOL_EXTENSIONS = YES;
				CLANG_ANALYZER_NONNULL = YES;
				CLANG_ANALYZER_NUMBER_OBJECT_CONVERSION = YES_AGGRESSIVE;
				CLANG_CXX_LANGUAGE_STANDARD = "gnu++20";
				CLANG_ENABLE_MODULES = YES;
				CLANG_ENABLE_OBJC_ARC = YES;
				CLANG_ENABLE_OBJC_WEAK = YES;
				CLANG_WARN_BLOCK_CAPTURE_AUTORELEASING = YES;
				CLANG_WARN_BOOL_CONVERSION = YES;
				CLANG_WARN_COMMA = YES;
				CLANG_WARN_CONSTANT_CONVERSION = YES;
				CLANG_WARN_DEPRECATED_OBJC_IMPLEMENTATIONS = YES;
				CLANG_WARN_DIRECT_OBJC_ISA_USAGE = YES_ERROR;
				CLANG_WARN_DOCUMENTATION_COMMENTS = YES;
				CLANG_WARN_EMPTY_BODY = YES;
				CLANG_WARN_ENUM_CONVERSION = YES;
				CLANG_WARN_INFINITE_RECURSION = YES;
				CLANG_WARN_INT_CONVERSION = YES;
				CLANG_WARN_NON_LITERAL_NULL_CONVERSION = YES;
				CLANG_WARN_OBJC_IMPLICIT_RETAIN_SELF = YES;
				CLANG_WARN_OBJC_LITERAL_CONVERSION = YES;
				CLANG_WARN_OBJC_ROOT_CLASS = YES_ERROR;
				CLANG_WARN_QUOTED_INCLUDE_IN_FRAMEWORK_HEADER = YES;
				CLANG_WARN_RANGE_LOOP_ANALYSIS = YES;
				CLANG_WARN_STRICT_PROTOTYPES = YES;
				CLANG_WARN_SUSPICIOUS_MOVE = YES;
				CLANG_WARN_UNGUARDED_AVAILABILITY = YES_AGGRESSIVE;
				CLANG_WARN_UNREACHABLE_CODE = YES;
				CLANG_WARN__DUPLICATE_METHOD_MATCH = YES;
				COPY_PHASE_STRIP = NO;
				DEBUG_INFORMATION_FORMAT = dwarf;
				DEVELOPMENT_TEAM = 882QK3JJDB;
				ENABLE_STRICT_OBJC_MSGSEND = YES;
				ENABLE_TESTABILITY = YES;
				ENABLE_USER_SCRIPT_SANDBOXING = YES;
				GCC_C_LANGUAGE_STANDARD = gnu17;
				GCC_DYNAMIC_NO_PIC = NO;
				GCC_NO_COMMON_BLOCKS = YES;
				GCC_OPTIMIZATION_LEVEL = 0;
				GCC_PREPROCESSOR_DEFINITIONS = (
					"DEBUG=1",
					"$(inherited)",
				);
				GCC_WARN_64_TO_32_BIT_CONVERSION = YES;
				GCC_WARN_ABOUT_RETURN_TYPE = YES_ERROR;
				GCC_WARN_UNDECLARED_SELECTOR = YES;
				GCC_WARN_UNINITIALIZED_AUTOS = YES_AGGRESSIVE;
				GCC_WARN_UNUSED_FUNCTION = YES;
				GCC_WARN_UNUSED_VARIABLE = YES;
				LOCALIZATION_PREFERS_STRING_CATALOGS = YES;
				MACOSX_DEPLOYMENT_TARGET = 26.5;
				MTL_ENABLE_DEBUG_INFO = INCLUDE_SOURCE;
				MTL_FAST_MATH = YES;
				ONLY_ACTIVE_ARCH = YES;
				SDKROOT = macosx;
				SWIFT_ACTIVE_COMPILATION_CONDITIONS = "DEBUG $(inherited)";
				SWIFT_OPTIMIZATION_LEVEL = "-Onone";
			};
			name = Debug;
		};
		8545AF032FDA9A5C009C7694 /* Release */ = {
			isa = XCBuildConfiguration;
			buildSettings = {
				ALWAYS_SEARCH_USER_PATHS = NO;
				ASSETCATALOG_COMPILER_GENERATE_SWIFT_ASSET_SYMBOL_EXTENSIONS = YES;
				CLANG_ANALYZER_NONNULL = YES;
				CLANG_ANALYZER_NUMBER_OBJECT_CONVERSION = YES_AGGRESSIVE;
				CLANG_CXX_LANGUAGE_STANDARD = "gnu++20";
				CLANG_ENABLE_MODULES = YES;
				CLANG_ENABLE_OBJC_ARC = YES;
				CLANG_ENABLE_OBJC_WEAK = YES;
				CLANG_WARN_BLOCK_CAPTURE_AUTORELEASING = YES;
				CLANG_WARN_BOOL_CONVERSION = YES;
				CLANG_WARN_COMMA = YES;
				CLANG_WARN_CONSTANT_CONVERSION = YES;
				CLANG_WARN_DEPRECATED_OBJC_IMPLEMENTATIONS = YES;
				CLANG_WARN_DIRECT_OBJC_ISA_USAGE = YES_ERROR;
				CLANG_WARN_DOCUMENTATION_COMMENTS = YES;
				CLANG_WARN_EMPTY_BODY = YES;
				CLANG_WARN_ENUM_CONVERSION = YES;
				CLANG_WARN_INFINITE_RECURSION = YES;
				CLANG_WARN_INT_CONVERSION = YES;
				CLANG_WARN_NON_LITERAL_NULL_CONVERSION = YES;
				CLANG_WARN_OBJC_IMPLICIT_RETAIN_SELF = YES;
				CLANG_WARN_OBJC_LITERAL_CONVERSION = YES;
				CLANG_WARN_OBJC_ROOT_CLASS = YES_ERROR;
				CLANG_WARN_QUOTED_INCLUDE_IN_FRAMEWORK_HEADER = YES;
				CLANG_WARN_RANGE_LOOP_ANALYSIS = YES;
				CLANG_WARN_STRICT_PROTOTYPES = YES;
				CLANG_WARN_SUSPICIOUS_MOVE = YES;
				CLANG_WARN_UNGUARDED_AVAILABILITY = YES_AGGRESSIVE;
				CLANG_WARN_UNREACHABLE_CODE = YES;
				CLANG_WARN__DUPLICATE_METHOD_MATCH = YES;
				COPY_PHASE_STRIP = NO;
				DEBUG_INFORMATION_FORMAT = "dwarf-with-dsym";
				DEVELOPMENT_TEAM = 882QK3JJDB;
				ENABLE_NS_ASSERTIONS = NO;
				ENABLE_STRICT_OBJC_MSGSEND = YES;
				ENABLE_USER_SCRIPT_SANDBOXING = YES;
				GCC_C_LANGUAGE_STANDARD = gnu17;
				GCC_NO_COMMON_BLOCKS = YES;
				GCC_WARN_64_TO_32_BIT_CONVERSION = YES;
				GCC_WARN_ABOUT_RETURN_TYPE = YES_ERROR;
				GCC_WARN_UNDECLARED_SELECTOR = YES;
				GCC_WARN_UNINITIALIZED_AUTOS = YES_AGGRESSIVE;
				GCC_WARN_UNUSED_FUNCTION = YES;
				GCC_WARN_UNUSED_VARIABLE = YES;
				LOCALIZATION_PREFERS_STRING_CATALOGS = YES;
				MACOSX_DEPLOYMENT_TARGET = 26.5;
				MTL_ENABLE_DEBUG_INFO = NO;
				MTL_FAST_MATH = YES;
				SDKROOT = macosx;
				SWIFT_COMPILATION_MODE = wholemodule;
			};
			name = Release;
		};
		8545AF052FDA9A5C009C7694 /* Debug */ = {
			isa = XCBuildConfiguration;
			buildSettings = {
				ASSETCATALOG_COMPILER_APPICON_NAME = AppIcon;
				ASSETCATALOG_COMPILER_GLOBAL_ACCENT_COLOR_NAME = AccentColor;
				CODE_SIGN_ENTITLEMENTS = Inputo/Inputo.entitlements;
				CODE_SIGN_STYLE = Automatic;
				COMBINE_HIDPI_IMAGES = YES;
				CURRENT_PROJECT_VERSION = 1;
				DEVELOPMENT_TEAM = 882QK3JJDB;
				ENABLE_APP_SANDBOX = YES;
				ENABLE_HARDENED_RUNTIME = YES;
				ENABLE_PREVIEWS = YES;
				ENABLE_USER_SELECTED_FILES = readonly;
				GENERATE_INFOPLIST_FILE = YES;
				INFOPLIST_KEY_NSHumanReadableCopyright = "";
				LD_RUNPATH_SEARCH_PATHS = (
					"$(inherited)",
					"@executable_path/../Frameworks",
				);
				MARKETING_VERSION = 1.0;
				PRODUCT_BUNDLE_IDENTIFIER = com.friady.Inputo;
				PRODUCT_NAME = "$(TARGET_NAME)";
				REGISTER_APP_GROUPS = YES;
				STRING_CATALOG_GENERATE_SYMBOLS = YES;
				SWIFT_APPROACHABLE_CONCURRENCY = YES;
				SWIFT_DEFAULT_ACTOR_ISOLATION = MainActor;
				SWIFT_EMIT_LOC_STRINGS = YES;
				SWIFT_UPCOMING_FEATURE_MEMBER_IMPORT_VISIBILITY = YES;
				SWIFT_VERSION = 5.0;
			};
			name = Debug;
		};
		8545AF062FDA9A5C009C7694 /* Release */ = {
			isa = XCBuildConfiguration;
			buildSettings = {
				ASSETCATALOG_COMPILER_APPICON_NAME = AppIcon;
				ASSETCATALOG_COMPILER_GLOBAL_ACCENT_COLOR_NAME = AccentColor;
				CODE_SIGN_ENTITLEMENTS = Inputo/Inputo.entitlements;
				CODE_SIGN_STYLE = Automatic;
				COMBINE_HIDPI_IMAGES = YES;
				CURRENT_PROJECT_VERSION = 1;
				DEVELOPMENT_TEAM = 882QK3JJDB;
				ENABLE_APP_SANDBOX = YES;
				ENABLE_HARDENED_RUNTIME = YES;
				ENABLE_PREVIEWS = YES;
				ENABLE_USER_SELECTED_FILES = readonly;
				GENERATE_INFOPLIST_FILE = YES;
				INFOPLIST_KEY_NSHumanReadableCopyright = "";
				LD_RUNPATH_SEARCH_PATHS = (
					"$(inherited)",
					"@executable_path/../Frameworks",
				);
				MARKETING_VERSION = 1.0;
				PRODUCT_BUNDLE_IDENTIFIER = com.friady.Inputo;
				PRODUCT_NAME = "$(TARGET_NAME)";
				REGISTER_APP_GROUPS = YES;
				STRING_CATALOG_GENERATE_SYMBOLS = YES;
				SWIFT_APPROACHABLE_CONCURRENCY = YES;
				SWIFT_DEFAULT_ACTOR_ISOLATION = MainActor;
				SWIFT_EMIT_LOC_STRINGS = YES;
				SWIFT_UPCOMING_FEATURE_MEMBER_IMPORT_VISIBILITY = YES;
				SWIFT_VERSION = 5.0;
			};
			name = Release;
		};
		8545AF082FDA9A5C009C7694 /* Debug */ = {
			isa = XCBuildConfiguration;
			buildSettings = {
				BUNDLE_LOADER = "$(TEST_HOST)";
				CODE_SIGN_STYLE = Automatic;
				CURRENT_PROJECT_VERSION = 1;
				DEVELOPMENT_TEAM = 882QK3JJDB;
				GENERATE_INFOPLIST_FILE = YES;
				MACOSX_DEPLOYMENT_TARGET = 26.5;
				MARKETING_VERSION = 1.0;
				PRODUCT_BUNDLE_IDENTIFIER = com.friady.InputoTests;
				PRODUCT_NAME = "$(TARGET_NAME)";
				STRING_CATALOG_GENERATE_SYMBOLS = NO;
				SWIFT_APPROACHABLE_CONCURRENCY = YES;
				SWIFT_EMIT_LOC_STRINGS = NO;
				SWIFT_UPCOMING_FEATURE_MEMBER_IMPORT_VISIBILITY = YES;
				SWIFT_VERSION = 5.0;
				TEST_HOST = "$(BUILT_PRODUCTS_DIR)/Inputo.app/$(BUNDLE_EXECUTABLE_FOLDER_PATH)/Inputo";
			};
			name = Debug;
		};
		8545AF092FDA9A5C009C7694 /* Release */ = {
			isa = XCBuildConfiguration;
			buildSettings = {
				BUNDLE_LOADER = "$(TEST_HOST)";
				CODE_SIGN_STYLE = Automatic;
				CURRENT_PROJECT_VERSION = 1;
				DEVELOPMENT_TEAM = 882QK3JJDB;
				GENERATE_INFOPLIST_FILE = YES;
				MACOSX_DEPLOYMENT_TARGET = 26.5;
				MARKETING_VERSION = 1.0;
				PRODUCT_BUNDLE_IDENTIFIER = com.friady.InputoTests;
				PRODUCT_NAME = "$(TARGET_NAME)";
				STRING_CATALOG_GENERATE_SYMBOLS = NO;
				SWIFT_APPROACHABLE_CONCURRENCY = YES;
				SWIFT_EMIT_LOC_STRINGS = NO;
				SWIFT_UPCOMING_FEATURE_MEMBER_IMPORT_VISIBILITY = YES;
				SWIFT_VERSION = 5.0;
				TEST_HOST = "$(BUILT_PRODUCTS_DIR)/Inputo.app/$(BUNDLE_EXECUTABLE_FOLDER_PATH)/Inputo";
			};
			name = Release;
		};
		8545AF0B2FDA9A5C009C7694 /* Debug */ = {
			isa = XCBuildConfiguration;
			buildSettings = {
				CODE_SIGN_STYLE = Automatic;
				CURRENT_PROJECT_VERSION = 1;
				DEVELOPMENT_TEAM = 882QK3JJDB;
				GENERATE_INFOPLIST_FILE = YES;
				MARKETING_VERSION = 1.0;
				PRODUCT_BUNDLE_IDENTIFIER = com.friady.InputoUITests;
				PRODUCT_NAME = "$(TARGET_NAME)";
				STRING_CATALOG_GENERATE_SYMBOLS = NO;
				SWIFT_APPROACHABLE_CONCURRENCY = YES;
				SWIFT_EMIT_LOC_STRINGS = NO;
				SWIFT_UPCOMING_FEATURE_MEMBER_IMPORT_VISIBILITY = YES;
				SWIFT_VERSION = 5.0;
				TEST_TARGET_NAME = Inputo;
			};
			name = Debug;
		};
		8545AF0C2FDA9A5C009C7694 /* Release */ = {
			isa = XCBuildConfiguration;
			buildSettings = {
				CODE_SIGN_STYLE = Automatic;
				CURRENT_PROJECT_VERSION = 1;
				DEVELOPMENT_TEAM = 882QK3JJDB;
				GENERATE_INFOPLIST_FILE = YES;
				MARKETING_VERSION = 1.0;
				PRODUCT_BUNDLE_IDENTIFIER = com.friady.InputoUITests;
				PRODUCT_NAME = "$(TARGET_NAME)";
				STRING_CATALOG_GENERATE_SYMBOLS = NO;
				SWIFT_APPROACHABLE_CONCURRENCY = YES;
				SWIFT_EMIT_LOC_STRINGS = NO;
				SWIFT_UPCOMING_FEATURE_MEMBER_IMPORT_VISIBILITY = YES;
				SWIFT_VERSION = 5.0;
				TEST_TARGET_NAME = Inputo;
			};
			name = Release;
		};
/* End XCBuildConfiguration section */

/* Begin XCConfigurationList section */
		8545AEDC2FDA9A5A009C7694 /* Build configuration list for PBXProject "Inputo" */ = {
			isa = XCConfigurationList;
			buildConfigurations = (
				8545AF022FDA9A5C009C7694 /* Debug */,
				8545AF032FDA9A5C009C7694 /* Release */,
			);
			defaultConfigurationIsVisible = 0;
			defaultConfigurationName = Release;
		};
		8545AF042FDA9A5C009C7694 /* Build configuration list for PBXNativeTarget "Inputo" */ = {
			isa = XCConfigurationList;
			buildConfigurations = (
				8545AF052FDA9A5C009C7694 /* Debug */,
				8545AF062FDA9A5C009C7694 /* Release */,
			);
			defaultConfigurationIsVisible = 0;
			defaultConfigurationName = Release;
		};
		8545AF072FDA9A5C009C7694 /* Build configuration list for PBXNativeTarget "InputoTests" */ = {
			isa = XCConfigurationList;
			buildConfigurations = (
				8545AF082FDA9A5C009C7694 /* Debug */,
				8545AF092FDA9A5C009C7694 /* Release */,
			);
			defaultConfigurationIsVisible = 0;
			defaultConfigurationName = Release;
		};
		8545AF0A2FDA9A5C009C7694 /* Build configuration list for PBXNativeTarget "InputoUITests" */ = {
			isa = XCConfigurationList;
			buildConfigurations = (
				8545AF0B2FDA9A5C009C7694 /* Debug */,
				8545AF0C2FDA9A5C009C7694 /* Release */,
			);
			defaultConfigurationIsVisible = 0;
			defaultConfigurationName = Release;
		};
/* End XCConfigurationList section */

/* Begin XCLocalSwiftPackageReference section */
		8545B0202FDAA100009C7694 /* XCLocalSwiftPackageReference "InputoModules" */ = {
			isa = XCLocalSwiftPackageReference;
			relativePath = InputoModules;
		};
/* End XCLocalSwiftPackageReference section */

/* Begin XCSwiftPackageProductDependency section */
		8545B0212FDAA100009C7694 /* InputoCore */ = {
			isa = XCSwiftPackageProductDependency;
			package = 8545B0202FDAA100009C7694 /* XCLocalSwiftPackageReference "InputoModules" */;
			productName = InputoCore;
		};
		8545B0222FDAA100009C7694 /* InputoMacPlatform */ = {
			isa = XCSwiftPackageProductDependency;
			package = 8545B0202FDAA100009C7694 /* XCLocalSwiftPackageReference "InputoModules" */;
			productName = InputoMacPlatform;
		};
		8545B0232FDAA100009C7694 /* InputoComposerFeature */ = {
			isa = XCSwiftPackageProductDependency;
			package = 8545B0202FDAA100009C7694 /* XCLocalSwiftPackageReference "InputoModules" */;
			productName = InputoComposerFeature;
		};
/* End XCSwiftPackageProductDependency section */
	};
	rootObject = 8545AED92FDA9A5A009C7694 /* Project object */;
}
